
Microsoft Visual Studio Solution File, Format Version 12.00
# Visual Studio Version 17
VisualStudioVersion = 17.4.33103.184
MinimumVisualStudioVersion = 10.0.40219.1
Project("{FAE04EC0-301F-11D3-BF4B-00C04F79EFBC}") = "Onion.Web", "Onion.Web\Onion.Web.csproj", "{C2126E77-5706-4AD2-B79C-1E2E0C685EC9}"
EndProject
Project("{FAE04EC0-301F-11D3-BF4B-00C04F79EFBC}") = "Onion.Data", "Onion.Data\Onion.Data.csproj", "{17D58011-8021-48EC-A815-CD542B1EAEB1}"
EndProject
Project("{FAE04EC0-301F-11D3-BF4B-00C04F79EFBC}") = "Onion.Repository", "Onion.Repository\Onion.Repository.csproj", "{B92F62C7-567B-4030-B1C5-E01FA4A92A0D}"
EndProject
Global
	GlobalSection(SolutionConfigurationPlatforms) = preSolution
		Debug|Any CPU = Debug|Any CPU
		Release|Any CPU = Release|Any CPU
	EndGlobalSection
	GlobalSection(ProjectConfigurationPlatforms) = postSolution
		{C2126E77-5706-4AD2-B79C-1E2E0C685EC9}.Debug|Any CPU.ActiveCfg = Debug|Any CPU
		{C2126E77-5706-4AD2-B79C-1E2E0C685EC9}.Debug|Any CPU.Build.0 = Debug|Any CPU
		{C2126E77-5706-4AD2-B79C-1E2E0C685EC9}.Release|Any CPU.ActiveCfg = Release|Any CPU
		{C2126E77-5706-4AD2-B79C-1E2E0C685EC9}.Release|Any CPU.Build.0 = Release|Any CPU
		{17D58011-8021-48EC-A815-CD542B1EAEB1}.Debug|Any CPU.ActiveCfg = Debug|Any CPU
		{17D58011-8021-48EC-A815-CD542B1EAEB1}.Debug|Any CPU.Build.0 = Debug|Any CPU
		{17D58011-8021-48EC-A815-CD542B1EAEB1}.Release|Any CPU.ActiveCfg = Release|Any CPU
		{17D58011-8021-48EC-A815-CD542B1EAEB1}.Release|Any CPU.Build.0 = Release|Any CPU
		{B92F62C7-567B-4030-B1C5-E01FA4A92A0D}.Debug|Any CPU.ActiveCfg = Debug|Any CPU
		{B92F62C7-567B-4030-B1C5-E01FA4A92A0D}.Debug|Any CPU.Build.0 = Debug|Any CPU
		{B92F62C7-567B-4030-B1C5-E01FA4A92A0D}.Release|Any CPU.ActiveCfg = Release|Any CPU
		{B92F62C7-567B-4030-B1C5-E01FA4A92A0D}.Release|Any CPU.Build.0 = Release|Any CPU
	EndGlobalSection
	GlobalSection(SolutionProperties) = preSolution
		HideSolutionNode = FALSE
	EndGlobalSection
	GlobalSection(ExtensibilityGlobals) = postSolution
		SolutionGuid = {17700FFD-A5CE-4E2D-8A11-4F50520FAAB9}
	EndGlobalSection
EndGlobal
